
Microsoft Visual Studio Solution File, Format Version 12.00
# Visual Studio 15
VisualStudioVersion = 15.0.26124.0
MinimumVisualStudioVersion = 15.0.26124.0
Project("{2150E333-8FDC-42A3-9474-1A3956D46DE8}") = "Tests", "Tests", "{E80F6051-FF9D-4934-9E17-C64B91ACF204}"
EndProject
Project("{FAE04EC0-301F-11D3-BF4B-00C04F79EFBC}") = "EnglishLearning.Statistic.Persistence", "src\EnglishLearning.Statistic.Persistence\EnglishLearning.Statistic.Persistence.csproj", "{D26010BB-F35A-4EF3-A8CF-1A15CD1E7443}"
EndProject
Project("{FAE04EC0-301F-11D3-BF4B-00C04F79EFBC}") = "EnglishLearning.Statistic.Domain.Core", "src\EnglishLearning.Statistic.Domain.Core\EnglishLearning.Statistic.Domain.Core.csproj", "{17FDDB25-9135-4281-B69A-BE6F88268D08}"
EndProject
Project("{FAE04EC0-301F-11D3-BF4B-00C04F79EFBC}") = "EnglishLearning.Statistic.Domain.Infrastructure", "src\EnglishLearning.Statistic.Domain.Infrastructure\EnglishLearning.Statistic.Domain.Infrastructure.csproj", "{DBBDD9F7-BFD5-4C18-97EC-72AA510FFCDC}"
EndProject
Project("{FAE04EC0-301F-11D3-BF4B-00C04F79EFBC}") = "EnglishLearning.Statistic.Application", "src\EnglishLearning.Statistic.Application\EnglishLearning.Statistic.Application.csproj", "{F3F491B0-9798-4B84-9AF9-DE92D46BAF85}"
EndProject
Project("{FAE04EC0-301F-11D3-BF4B-00C04F79EFBC}") = "EnglishLearning.Statistic.Web", "src\EnglishLearning.Statistic.Web\EnglishLearning.Statistic.Web.csproj", "{65501B46-9C7B-4D98-85DF-D27C448226F5}"
EndProject
Project("{FAE04EC0-301F-11D3-BF4B-00C04F79EFBC}") = "EnglishLearning.Statistic.Host", "src\EnglishLearning.Statistic.Host\EnglishLearning.Statistic.Host.csproj", "{D1AFD1BD-4B5E-4572-8CD4-2AF93E453C7A}"
EndProject
Project("{FAE04EC0-301F-11D3-BF4B-00C04F79EFBC}") = "EnglishLearning.Statistic.Application.Tests", "tests\EnglishLearning.Statistic.Application.Tests\EnglishLearning.Statistic.Application.Tests.csproj", "{7A1A8606-8D33-4320-992F-547BA33A002E}"
EndProject
Project("{FAE04EC0-301F-11D3-BF4B-00C04F79EFBC}") = "EnglishLearning.Statistic.Domain.Core.Tests", "tests\EnglishLearning.Statistic.Domain.Core.Tests\EnglishLearning.Statistic.Domain.Core.Tests.csproj", "{E5E48894-1AC3-40F9-BBF1-73BAD2DB14BD}"
EndProject
Project("{FAE04EC0-301F-11D3-BF4B-00C04F79EFBC}") = "EnglishLearning.Statistic.IntegrationTests", "tests\EnglishLearning.Statistic.IntegrationTests\EnglishLearning.Statistic.IntegrationTests.csproj", "{BC314AA5-CBCE-4F10-AE0B-7C67A8A9A1BF}"
EndProject
Global
	GlobalSection(SolutionConfigurationPlatforms) = preSolution
		Debug|Any CPU = Debug|Any CPU
		Debug|x64 = Debug|x64
		Debug|x86 = Debug|x86
		Release|Any CPU = Release|Any CPU
		Release|x64 = Release|x64
		Release|x86 = Release|x86
	EndGlobalSection
	GlobalSection(SolutionProperties) = preSolution
		HideSolutionNode = FALSE
	EndGlobalSection
	GlobalSection(ProjectConfigurationPlatforms) = postSolution
		{D26010BB-F35A-4EF3-A8CF-1A15CD1E7443}.Debug|Any CPU.ActiveCfg = Debug|Any CPU
		{D26010BB-F35A-4EF3-A8CF-1A15CD1E7443}.Debug|Any CPU.Build.0 = Debug|Any CPU
		{D26010BB-F35A-4EF3-A8CF-1A15CD1E7443}.Debug|x64.ActiveCfg = Debug|Any CPU
		{D26010BB-F35A-4EF3-A8CF-1A15CD1E7443}.Debug|x64.Build.0 = Debug|Any CPU
		{D26010BB-F35A-4EF3-A8CF-1A15CD1E7443}.Debug|x86.ActiveCfg = Debug|Any CPU
		{D26010BB-F35A-4EF3-A8CF-1A15CD1E7443}.Debug|x86.Build.0 = Debug|Any CPU
		{D26010BB-F35A-4EF3-A8CF-1A15CD1E7443}.Release|Any CPU.ActiveCfg = Release|Any CPU
		{D26010BB-F35A-4EF3-A8CF-1A15CD1E7443}.Release|Any CPU.Build.0 = Release|Any CPU
		{D26010BB-F35A-4EF3-A8CF-1A15CD1E7443}.Release|x64.ActiveCfg = Release|Any CPU
		{D26010BB-F35A-4EF3-A8CF-1A15CD1E7443}.Release|x64.Build.0 = Release|Any CPU
		{D26010BB-F35A-4EF3-A8CF-1A15CD1E7443}.Release|x86.ActiveCfg = Release|Any CPU
		{D26010BB-F35A-4EF3-A8CF-1A15CD1E7443}.Release|x86.Build.0 = Release|Any CPU
		{17FDDB25-9135-4281-B69A-BE6F88268D08}.Debug|Any CPU.ActiveCfg = Debug|Any CPU
		{17FDDB25-9135-4281-B69A-BE6F88268D08}.Debug|Any CPU.Build.0 = Debug|Any CPU
		{17FDDB25-9135-4281-B69A-BE6F88268D08}.Debug|x64.ActiveCfg = Debug|Any CPU
		{17FDDB25-9135-4281-B69A-BE6F88268D08}.Debug|x64.Build.0 = Debug|Any CPU
		{17FDDB25-9135-4281-B69A-BE6F88268D08}.Debug|x86.ActiveCfg = Debug|Any CPU
		{17FDDB25-9135-4281-B69A-BE6F88268D08}.Debug|x86.Build.0 = Debug|Any CPU
		{17FDDB25-9135-4281-B69A-BE6F88268D08}.Release|Any CPU.ActiveCfg = Release|Any CPU
		{17FDDB25-9135-4281-B69A-BE6F88268D08}.Release|Any CPU.Build.0 = Release|Any CPU
		{17FDDB25-9135-4281-B69A-BE6F88268D08}.Release|x64.ActiveCfg = Release|Any CPU
		{17FDDB25-9135-4281-B69A-BE6F88268D08}.Release|x64.Build.0 = Release|Any CPU
		{17FDDB25-9135-4281-B69A-BE6F88268D08}.Release|x86.ActiveCfg = Release|Any CPU
		{17FDDB25-9135-4281-B69A-BE6F88268D08}.Release|x86.Build.0 = Release|Any CPU
		{DBBDD9F7-BFD5-4C18-97EC-72AA510FFCDC}.Debug|Any CPU.ActiveCfg = Debug|Any CPU
		{DBBDD9F7-BFD5-4C18-97EC-72AA510FFCDC}.Debug|Any CPU.Build.0 = Debug|Any CPU
		{DBBDD9F7-BFD5-4C18-97EC-72AA510FFCDC}.Debug|x64.ActiveCfg = Debug|Any CPU
		{DBBDD9F7-BFD5-4C18-97EC-72AA510FFCDC}.Debug|x64.Build.0 = Debug|Any CPU
		{DBBDD9F7-BFD5-4C18-97EC-72AA510FFCDC}.Debug|x86.ActiveCfg = Debug|Any CPU
		{DBBDD9F7-BFD5-4C18-97EC-72AA510FFCDC}.Debug|x86.Build.0 = Debug|Any CPU
		{DBBDD9F7-BFD5-4C18-97EC-72AA510FFCDC}.Release|Any CPU.ActiveCfg = Release|Any CPU
		{DBBDD9F7-BFD5-4C18-97EC-72AA510FFCDC}.Release|Any CPU.Build.0 = Release|Any CPU
		{DBBDD9F7-BFD5-4C18-97EC-72AA510FFCDC}.Release|x64.ActiveCfg = Release|Any CPU
		{DBBDD9F7-BFD5-4C18-97EC-72AA510FFCDC}.Release|x64.Build.0 = Release|Any CPU
		{DBBDD9F7-BFD5-4C18-97EC-72AA510FFCDC}.Release|x86.ActiveCfg = Release|Any CPU
		{DBBDD9F7-BFD5-4C18-97EC-72AA510FFCDC}.Release|x86.Build.0 = Release|Any CPU
		{F3F491B0-9798-4B84-9AF9-DE92D46BAF85}.Debug|Any CPU.ActiveCfg = Debug|Any CPU
		{F3F491B0-9798-4B84-9AF9-DE92D46BAF85}.Debug|Any CPU.Build.0 = Debug|Any CPU
		{F3F491B0-9798-4B84-9AF9-DE92D46BAF85}.Debug|x64.ActiveCfg = Debug|Any CPU
		{F3F491B0-9798-4B84-9AF9-DE92D46BAF85}.Debug|x64.Build.0 = Debug|Any CPU
		{F3F491B0-9798-4B84-9AF9-DE92D46BAF85}.Debug|x86.ActiveCfg = Debug|Any CPU
		{F3F491B0-9798-4B84-9AF9-DE92D46BAF85}.Debug|x86.Build.0 = Debug|Any CPU
		{F3F491B0-9798-4B84-9AF9-DE92D46BAF85}.Release|Any CPU.ActiveCfg = Release|Any CPU
		{F3F491B0-9798-4B84-9AF9-DE92D46BAF85}.Release|Any CPU.Build.0 = Release|Any CPU
		{F3F491B0-9798-4B84-9AF9-DE92D46BAF85}.Release|x64.ActiveCfg = Release|Any CPU
		{F3F491B0-9798-4B84-9AF9-DE92D46BAF85}.Release|x64.Build.0 = Release|Any CPU
		{F3F491B0-9798-4B84-9AF9-DE92D46BAF85}.Release|x86.ActiveCfg = Release|Any CPU
		{F3F491B0-9798-4B84-9AF9-DE92D46BAF85}.Release|x86.Build.0 = Release|Any CPU
		{65501B46-9C7B-4D98-85DF-D27C448226F5}.Debug|Any CPU.ActiveCfg = Debug|Any CPU
		{65501B46-9C7B-4D98-85DF-D27C448226F5}.Debug|Any CPU.Build.0 = Debug|Any CPU
		{65501B46-9C7B-4D98-85DF-D27C448226F5}.Debug|x64.ActiveCfg = Debug|Any CPU
		{65501B46-9C7B-4D98-85DF-D27C448226F5}.Debug|x64.Build.0 = Debug|Any CPU
		{65501B46-9C7B-4D98-85DF-D27C448226F5}.Debug|x86.ActiveCfg = Debug|Any CPU
		{65501B46-9C7B-4D98-85DF-D27C448226F5}.Debug|x86.Build.0 = Debug|Any CPU
		{65501B46-9C7B-4D98-85DF-D27C448226F5}.Release|Any CPU.ActiveCfg = Release|Any CPU
		{65501B46-9C7B-4D98-85DF-D27C448226F5}.Release|Any CPU.Build.0 = Release|Any CPU
		{65501B46-9C7B-4D98-85DF-D27C448226F5}.Release|x64.ActiveCfg = Release|Any CPU
		{65501B46-9C7B-4D98-85DF-D27C448226F5}.Release|x64.Build.0 = Release|Any CPU
		{65501B46-9C7B-4D98-85DF-D27C448226F5}.Release|x86.ActiveCfg = Release|Any CPU
		{65501B46-9C7B-4D98-85DF-D27C448226F5}.Release|x86.Build.0 = Release|Any CPU
		{D1AFD1BD-4B5E-4572-8CD4-2AF93E453C7A}.Debug|Any CPU.ActiveCfg = Debug|Any CPU
		{D1AFD1BD-4B5E-4572-8CD4-2AF93E453C7A}.Debug|Any CPU.Build.0 = Debug|Any CPU
		{D1AFD1BD-4B5E-4572-8CD4-2AF93E453C7A}.Debug|x64.ActiveCfg = Debug|Any CPU
		{D1AFD1BD-4B5E-4572-8CD4-2AF93E453C7A}.Debug|x64.Build.0 = Debug|Any CPU
		{D1AFD1BD-4B5E-4572-8CD4-2AF93E453C7A}.Debug|x86.ActiveCfg = Debug|Any CPU
		{D1AFD1BD-4B5E-4572-8CD4-2AF93E453C7A}.Debug|x86.Build.0 = Debug|Any CPU
		{D1AFD1BD-4B5E-4572-8CD4-2AF93E453C7A}.Release|Any CPU.ActiveCfg = Release|Any CPU
		{D1AFD1BD-4B5E-4572-8CD4-2AF93E453C7A}.Release|Any CPU.Build.0 = Release|Any CPU
		{D1AFD1BD-4B5E-4572-8CD4-2AF93E453C7A}.Release|x64.ActiveCfg = Release|Any CPU
		{D1AFD1BD-4B5E-4572-8CD4-2AF93E453C7A}.Release|x64.Build.0 = Release|Any CPU
		{D1AFD1BD-4B5E-4572-8CD4-2AF93E453C7A}.Release|x86.ActiveCfg = Release|Any CPU
		{D1AFD1BD-4B5E-4572-8CD4-2AF93E453C7A}.Release|x86.Build.0 = Release|Any CPU
		{7A1A8606-8D33-4320-992F-547BA33A002E}.Debug|Any CPU.ActiveCfg = Debug|Any CPU
		{7A1A8606-8D33-4320-992F-547BA33A002E}.Debug|Any CPU.Build.0 = Debug|Any CPU
		{7A1A8606-8D33-4320-992F-547BA33A002E}.Debug|x64.ActiveCfg = Debug|Any CPU
		{7A1A8606-8D33-4320-992F-547BA33A002E}.Debug|x64.Build.0 = Debug|Any CPU
		{7A1A8606-8D33-4320-992F-547BA33A002E}.Debug|x86.ActiveCfg = Debug|Any CPU
		{7A1A8606-8D33-4320-992F-547BA33A002E}.Debug|x86.Build.0 = Debug|Any CPU
		{7A1A8606-8D33-4320-992F-547BA33A002E}.Release|Any CPU.ActiveCfg = Release|Any CPU
		{7A1A8606-8D33-4320-992F-547BA33A002E}.Release|Any CPU.Build.0 = Release|Any CPU
		{7A1A8606-8D33-4320-992F-547BA33A002E}.Release|x64.ActiveCfg = Release|Any CPU
		{7A1A8606-8D33-4320-992F-547BA33A002E}.Release|x64.Build.0 = Release|Any CPU
		{7A1A8606-8D33-4320-992F-547BA33A002E}.Release|x86.ActiveCfg = Release|Any CPU
		{7A1A8606-8D33-4320-992F-547BA33A002E}.Release|x86.Build.0 = Release|Any CPU
		{E5E48894-1AC3-40F9-BBF1-73BAD2DB14BD}.Debug|Any CPU.ActiveCfg = Debug|Any CPU
		{E5E48894-1AC3-40F9-BBF1-73BAD2DB14BD}.Debug|Any CPU.Build.0 = Debug|Any CPU
		{E5E48894-1AC3-40F9-BBF1-73BAD2DB14BD}.Debug|x64.ActiveCfg = Debug|Any CPU
		{E5E48894-1AC3-40F9-BBF1-73BAD2DB14BD}.Debug|x64.Build.0 = Debug|Any CPU
		{E5E48894-1AC3-40F9-BBF1-73BAD2DB14BD}.Debug|x86.ActiveCfg = Debug|Any CPU
		{E5E48894-1AC3-40F9-BBF1-73BAD2DB14BD}.Debug|x86.Build.0 = Debug|Any CPU
		{E5E48894-1AC3-40F9-BBF1-73BAD2DB14BD}.Release|Any CPU.ActiveCfg = Release|Any CPU
		{E5E48894-1AC3-40F9-BBF1-73BAD2DB14BD}.Release|Any CPU.Build.0 = Release|Any CPU
		{E5E48894-1AC3-40F9-BBF1-73BAD2DB14BD}.Release|x64.ActiveCfg = Release|Any CPU
		{E5E48894-1AC3-40F9-BBF1-73BAD2DB14BD}.Release|x64.Build.0 = Release|Any CPU
		{E5E48894-1AC3-40F9-BBF1-73BAD2DB14BD}.Release|x86.ActiveCfg = Release|Any CPU
		{E5E48894-1AC3-40F9-BBF1-73BAD2DB14BD}.Release|x86.Build.0 = Release|Any CPU
		{BC314AA5-CBCE-4F10-AE0B-7C67A8A9A1BF}.Debug|Any CPU.ActiveCfg = Debug|Any CPU
		{BC314AA5-CBCE-4F10-AE0B-7C67A8A9A1BF}.Debug|Any CPU.Build.0 = Debug|Any CPU
		{BC314AA5-CBCE-4F10-AE0B-7C67A8A9A1BF}.Debug|x64.ActiveCfg = Debug|Any CPU
		{BC314AA5-CBCE-4F10-AE0B-7C67A8A9A1BF}.Debug|x64.Build.0 = Debug|Any CPU
		{BC314AA5-CBCE-4F10-AE0B-7C67A8A9A1BF}.Debug|x86.ActiveCfg = Debug|Any CPU
		{BC314AA5-CBCE-4F10-AE0B-7C67A8A9A1BF}.Debug|x86.Build.0 = Debug|Any CPU
		{BC314AA5-CBCE-4F10-AE0B-7C67A8A9A1BF}.Release|Any CPU.ActiveCfg = Release|Any CPU
		{BC314AA5-CBCE-4F10-AE0B-7C67A8A9A1BF}.Release|Any CPU.Build.0 = Release|Any CPU
		{BC314AA5-CBCE-4F10-AE0B-7C67A8A9A1BF}.Release|x64.ActiveCfg = Release|Any CPU
		{BC314AA5-CBCE-4F10-AE0B-7C67A8A9A1BF}.Release|x64.Build.0 = Release|Any CPU
		{BC314AA5-CBCE-4F10-AE0B-7C67A8A9A1BF}.Release|x86.ActiveCfg = Release|Any CPU
		{BC314AA5-CBCE-4F10-AE0B-7C67A8A9A1BF}.Release|x86.Build.0 = Release|Any CPU
	EndGlobalSection
	GlobalSection(NestedProjects) = preSolution
		{7A1A8606-8D33-4320-992F-547BA33A002E} = {E80F6051-FF9D-4934-9E17-C64B91ACF204}
		{E5E48894-1AC3-40F9-BBF1-73BAD2DB14BD} = {E80F6051-FF9D-4934-9E17-C64B91ACF204}
		{BC314AA5-CBCE-4F10-AE0B-7C67A8A9A1BF} = {E80F6051-FF9D-4934-9E17-C64B91ACF204}
	EndGlobalSection
EndGlobal
